
Microsoft Visual Studio Solution File, Format Version 12.00
# Visual Studio 15
VisualStudioVersion = 15.0.27004.2008
MinimumVisualStudioVersion = 10.0.40219.1
Project("{FAE04EC0-301F-11D3-BF4B-00C04F79EFBC}") = "Employees.App", "Employees.App\Employees.App.csproj", "{3F5E9CBE-1725-41D5-9570-A3B2FD2819DE}"
EndProject
Project("{FAE04EC0-301F-11D3-BF4B-00C04F79EFBC}") = "Employees.Models", "Employees.Models\Employees.Models.csproj", "{8E492A70-0CD9-40A1-8A0E-E5E8BBE336A2}"
EndProject
Project("{FAE04EC0-301F-11D3-BF4B-00C04F79EFBC}") = "Employees.Data", "Employees.Data\Employees.Data.csproj", "{A75A8F85-6D52-43EB-842F-32C2B852BA58}"
EndProject
Project("{2150E333-8FDC-42A3-9474-1A3956D46DE8}") = "Solution Items", "Solution Items", "{F757543E-57C3-419C-BB92-FE62BFA63B65}"
	ProjectSection(SolutionItems) = preProject
		connection.txt = connection.txt
	EndProjectSection
EndProject
Project("{FAE04EC0-301F-11D3-BF4B-00C04F79EFBC}") = "Employees.Services", "Employees.Services\Employees.Services.csproj", "{5C5D2FF2-28ED-4A24-964C-3914908B6940}"
EndProject
Project("{FAE04EC0-301F-11D3-BF4B-00C04F79EFBC}") = "Employees.DtoModels", "Employees.DtoModels\Employees.DtoModels.csproj", "{E268F98C-EB50-4827-AED9-526E4AEE6EE8}"
EndProject
Global
	GlobalSection(SolutionConfigurationPlatforms) = preSolution
		Debug|Any CPU = Debug|Any CPU
		Release|Any CPU = Release|Any CPU
	EndGlobalSection
	GlobalSection(ProjectConfigurationPlatforms) = postSolution
		{3F5E9CBE-1725-41D5-9570-A3B2FD2819DE}.Debug|Any CPU.ActiveCfg = Debug|Any CPU
		{3F5E9CBE-1725-41D5-9570-A3B2FD2819DE}.Debug|Any CPU.Build.0 = Debug|Any CPU
		{3F5E9CBE-1725-41D5-9570-A3B2FD2819DE}.Release|Any CPU.ActiveCfg = Release|Any CPU
		{3F5E9CBE-1725-41D5-9570-A3B2FD2819DE}.Release|Any CPU.Build.0 = Release|Any CPU
		{8E492A70-0CD9-40A1-8A0E-E5E8BBE336A2}.Debug|Any CPU.ActiveCfg = Debug|Any CPU
		{8E492A70-0CD9-40A1-8A0E-E5E8BBE336A2}.Debug|Any CPU.Build.0 = Debug|Any CPU
		{8E492A70-0CD9-40A1-8A0E-E5E8BBE336A2}.Release|Any CPU.ActiveCfg = Release|Any CPU
		{8E492A70-0CD9-40A1-8A0E-E5E8BBE336A2}.Release|Any CPU.Build.0 = Release|Any CPU
		{A75A8F85-6D52-43EB-842F-32C2B852BA58}.Debug|Any CPU.ActiveCfg = Debug|Any CPU
		{A75A8F85-6D52-43EB-842F-32C2B852BA58}.Debug|Any CPU.Build.0 = Debug|Any CPU
		{A75A8F85-6D52-43EB-842F-32C2B852BA58}.Release|Any CPU.ActiveCfg = Release|Any CPU
		{A75A8F85-6D52-43EB-842F-32C2B852BA58}.Release|Any CPU.Build.0 = Release|Any CPU
		{5C5D2FF2-28ED-4A24-964C-3914908B6940}.Debug|Any CPU.ActiveCfg = Debug|Any CPU
		{5C5D2FF2-28ED-4A24-964C-3914908B6940}.Debug|Any CPU.Build.0 = Debug|Any CPU
		{5C5D2FF2-28ED-4A24-964C-3914908B6940}.Release|Any CPU.ActiveCfg = Release|Any CPU
		{5C5D2FF2-28ED-4A24-964C-3914908B6940}.Release|Any CPU.Build.0 = Release|Any CPU
		{E268F98C-EB50-4827-AED9-526E4AEE6EE8}.Debug|Any CPU.ActiveCfg = Debug|Any CPU
		{E268F98C-EB50-4827-AED9-526E4AEE6EE8}.Debug|Any CPU.Build.0 = Debug|Any CPU
		{E268F98C-EB50-4827-AED9-526E4AEE6EE8}.Release|Any CPU.ActiveCfg = Release|Any CPU
		{E268F98C-EB50-4827-AED9-526E4AEE6EE8}.Release|Any CPU.Build.0 = Release|Any CPU
	EndGlobalSection
	GlobalSection(SolutionProperties) = preSolution
		HideSolutionNode = FALSE
	EndGlobalSection
	GlobalSection(ExtensibilityGlobals) = postSolution
		SolutionGuid = {F61907B2-B92E-40C0-B917-3C73D796F1CF}
	EndGlobalSection
EndGlobal
